// !$*UTF8*$!
{
	archiveVersion = 1;
	classes = {
	};
	objectVersion = 60;
	objects = {

/* Begin PBXBuildFile section */
		F67CA97527F666A4006F9B64 /* AppDelegate.swift in Sources */ = {isa = PBXBuildFile; fileRef = F67CA97327F666A4006F9B64 /* AppDelegate.swift */; };
		F67CA97627F666A4006F9B64 /* SceneDelegate.swift in Sources */ = {isa = PBXBuildFile; fileRef = F67CA97427F666A4006F9B64 /* SceneDelegate.swift */; };
		F685DC412C01512800EAA19E /* DishtrackerCore in Frameworks */ = {isa = PBXBuildFile; productRef = F685DC402C01512800EAA19E /* DishtrackerCore */; };
		F685DC472C01537600EAA19E /* Localizable.strings in Resources */ = {isa = PBXBuildFile; fileRef = F685DC442C01537600EAA19E /* Localizable.strings */; };
		F6D0D40C27F64B84007E246A /* DishtrackerCoreExampleApp.swift in Sources */ = {isa = PBXBuildFile; fileRef = F6D0D40B27F64B84007E246A /* DishtrackerCoreExampleApp.swift */; };
		F6D0D41027F64B85007E246A /* Assets.xcassets in Resources */ = {isa = PBXBuildFile; fileRef = F6D0D40F27F64B85007E246A /* Assets.xcassets */; };
		F6D0D41327F64B85007E246A /* Preview Assets.xcassets in Resources */ = {isa = PBXBuildFile; fileRef = F6D0D41227F64B85007E246A /* Preview Assets.xcassets */; };
		F6F1E88227FE0A9200F62194 /* ContentView.swift in Sources */ = {isa = PBXBuildFile; fileRef = F6F1E87F27FE0A9200F62194 /* ContentView.swift */; };
		F6F1E89127FE0D1D00F62194 /* Location+Test.swift in Sources */ = {isa = PBXBuildFile; fileRef = F6F1E89027FE0D1D00F62194 /* Location+Test.swift */; };
/* End PBXBuildFile section */

/* Begin PBXFileReference section */
		F67CA97327F666A4006F9B64 /* AppDelegate.swift */ = {isa = PBXFileReference; fileEncoding = 4; lastKnownFileType = sourcecode.swift; path = AppDelegate.swift; sourceTree = "<group>"; };
		F67CA97427F666A4006F9B64 /* SceneDelegate.swift */ = {isa = PBXFileReference; fileEncoding = 4; lastKnownFileType = sourcecode.swift; path = SceneDelegate.swift; sourceTree = "<group>"; };
		F67CA97727F66789006F9B64 /* Info.plist */ = {isa = PBXFileReference; fileEncoding = 4; lastKnownFileType = text.plist.xml; path = Info.plist; sourceTree = "<group>"; };
		F685DC452C01537600EAA19E /* de */ = {isa = PBXFileReference; lastKnownFileType = text.plist.strings; name = de; path = de.lproj/Localizable.strings; sourceTree = "<group>"; };
		F685DC462C01537600EAA19E /* en */ = {isa = PBXFileReference; lastKnownFileType = text.plist.strings; name = en; path = en.lproj/Localizable.strings; sourceTree = "<group>"; };
		F6AD0FE42C05C7B2008B9664 /* CoreVideo.framework */ = {isa = PBXFileReference; lastKnownFileType = wrapper.framework; name = CoreVideo.framework; path = System/Library/Frameworks/CoreVideo.framework; sourceTree = SDKROOT; };
		F6AD0FE62C05C7BB008B9664 /* MobileCoreServices.framework */ = {isa = PBXFileReference; lastKnownFileType = wrapper.framework; name = MobileCoreServices.framework; path = System/Library/Frameworks/MobileCoreServices.framework; sourceTree = SDKROOT; };
		F6AD0FE92C05C7D0008B9664 /* AudioToolbox.framework */ = {isa = PBXFileReference; lastKnownFileType = wrapper.framework; name = AudioToolbox.framework; path = System/Library/Frameworks/AudioToolbox.framework; sourceTree = SDKROOT; };
		F6D0D40827F64B84007E246A /* DishtrackerCoreExample.app */ = {isa = PBXFileReference; explicitFileType = wrapper.application; includeInIndex = 0; path = DishtrackerCoreExample.app; sourceTree = BUILT_PRODUCTS_DIR; };
		F6D0D40B27F64B84007E246A /* DishtrackerCoreExampleApp.swift */ = {isa = PBXFileReference; lastKnownFileType = sourcecode.swift; path = DishtrackerCoreExampleApp.swift; sourceTree = "<group>"; };
		F6D0D40F27F64B85007E246A /* Assets.xcassets */ = {isa = PBXFileReference; lastKnownFileType = folder.assetcatalog; path = Assets.xcassets; sourceTree = "<group>"; };
		F6D0D41227F64B85007E246A /* Preview Assets.xcassets */ = {isa = PBXFileReference; lastKnownFileType = folder.assetcatalog; path = "Preview Assets.xcassets"; sourceTree = "<group>"; };
		F6F1E87F27FE0A9200F62194 /* ContentView.swift */ = {isa = PBXFileReference; fileEncoding = 4; lastKnownFileType = sourcecode.swift; path = ContentView.swift; sourceTree = "<group>"; };
		F6F1E89027FE0D1D00F62194 /* Location+Test.swift */ = {isa = PBXFileReference; fileEncoding = 4; lastKnownFileType = sourcecode.swift; path = "Location+Test.swift"; sourceTree = "<group>"; };
		F6F537512C01559D001C30EB /* AVFoundation.framework */ = {isa = PBXFileReference; lastKnownFileType = wrapper.framework; name = AVFoundation.framework; path = System/Library/Frameworks/AVFoundation.framework; sourceTree = SDKROOT; };
/* End PBXFileReference section */

/* Begin PBXFrameworksBuildPhase section */
		F6D0D40527F64B84007E246A /* Frameworks */ = {
			isa = PBXFrameworksBuildPhase;
			buildActionMask = 2147483647;
			files = (
				F685DC412C01512800EAA19E /* DishtrackerCore in Frameworks */,
			);
			runOnlyForDeploymentPostprocessing = 0;
		};
/* End PBXFrameworksBuildPhase section */

/* Begin PBXGroup section */
		F6D0D3FF27F64B84007E246A = {
			isa = PBXGroup;
			children = (
				F6D0D40A27F64B84007E246A /* DishtrackerCoreExample */,
				F6D0D40927F64B84007E246A /* Products */,
				F6D0D41C27F6501A007E246A /* Frameworks */,
			);
			sourceTree = "<group>";
		};
		F6D0D40927F64B84007E246A /* Products */ = {
			isa = PBXGroup;
			children = (
				F6D0D40827F64B84007E246A /* DishtrackerCoreExample.app */,
			);
			name = Products;
			sourceTree = "<group>";
		};
		F6D0D40A27F64B84007E246A /* DishtrackerCoreExample */ = {
			isa = PBXGroup;
			children = (
				F685DC442C01537600EAA19E /* Localizable.strings */,
				F6F1E88027FE0A9200F62194 /* Extensions */,
				F6F1E87E27FE0A9200F62194 /* Views */,
				F67CA97727F66789006F9B64 /* Info.plist */,
				F67CA97327F666A4006F9B64 /* AppDelegate.swift */,
				F67CA97427F666A4006F9B64 /* SceneDelegate.swift */,
				F6D0D40B27F64B84007E246A /* DishtrackerCoreExampleApp.swift */,
				F6D0D40F27F64B85007E246A /* Assets.xcassets */,
				F6D0D41127F64B85007E246A /* Preview Content */,
			);
			path = DishtrackerCoreExample;
			sourceTree = "<group>";
		};
		F6D0D41127F64B85007E246A /* Preview Content */ = {
			isa = PBXGroup;
			children = (
				F6D0D41227F64B85007E246A /* Preview Assets.xcassets */,
			);
			path = "Preview Content";
			sourceTree = "<group>";
		};
		F6D0D41C27F6501A007E246A /* Frameworks */ = {
			isa = PBXGroup;
			children = (
				F6AD0FE92C05C7D0008B9664 /* AudioToolbox.framework */,
				F6AD0FE62C05C7BB008B9664 /* MobileCoreServices.framework */,
				F6AD0FE42C05C7B2008B9664 /* CoreVideo.framework */,
				F6F537512C01559D001C30EB /* AVFoundation.framework */,
			);
			name = Frameworks;
			sourceTree = "<group>";
		};
		F6F1E87E27FE0A9200F62194 /* Views */ = {
			isa = PBXGroup;
			children = (
				F6F1E87F27FE0A9200F62194 /* ContentView.swift */,
			);
			path = Views;
			sourceTree = "<group>";
		};
		F6F1E88027FE0A9200F62194 /* Extensions */ = {
			isa = PBXGroup;
			children = (
				F6F1E89027FE0D1D00F62194 /* Location+Test.swift */,
			);
			path = Extensions;
			sourceTree = "<group>";
		};
/* End PBXGroup section */

/* Begin PBXNativeTarget section */
		F6D0D40727F64B84007E246A /* DishtrackerCoreExample */ = {
			isa = PBXNativeTarget;
			buildConfigurationList = F6D0D41627F64B85007E246A /* Build configuration list for PBXNativeTarget "DishtrackerCoreExample" */;
			buildPhases = (
				F6D0D40427F64B84007E246A /* Sources */,
				F6D0D40527F64B84007E246A /* Frameworks */,
				F6D0D40627F64B84007E246A /* Resources */,
			);
			buildRules = (
			);
			dependencies = (
			);
			name = DishtrackerCoreExample;
			packageProductDependencies = (
				F685DC402C01512800EAA19E /* DishtrackerCore */,
			);
			productName = DishtrackerCore;
			productReference = F6D0D40827F64B84007E246A /* DishtrackerCoreExample.app */;
			productType = "com.apple.product-type.application";
		};
/* End PBXNativeTarget section */

/* Begin PBXProject section */
		F6D0D40027F64B84007E246A /* Project object */ = {
			isa = PBXProject;
			attributes = {
				BuildIndependentTargetsInParallel = 1;
				LastSwiftUpdateCheck = 1330;
				LastUpgradeCheck = 1540;
				TargetAttributes = {
					F6D0D40727F64B84007E246A = {
						CreatedOnToolsVersion = 13.3;
					};
				};
			};
			buildConfigurationList = F6D0D40327F64B84007E246A /* Build configuration list for PBXProject "DishtrackerCoreExample" */;
			compatibilityVersion = "Xcode 13.0";
			developmentRegion = en;
			hasScannedForEncodings = 0;
			knownRegions = (
				en,
				Base,
				de,
			);
			mainGroup = F6D0D3FF27F64B84007E246A;
			packageReferences = (
				F660ABD42C014F4400698771 /* XCLocalSwiftPackageReference "../ZeroQDishtrackerSDKiOS" */,
			);
			productRefGroup = F6D0D40927F64B84007E246A /* Products */;
			projectDirPath = "";
			projectRoot = "";
			targets = (
				F6D0D40727F64B84007E246A /* DishtrackerCoreExample */,
			);
		};
/* End PBXProject section */

/* Begin PBXResourcesBuildPhase section */
		F6D0D40627F64B84007E246A /* Resources */ = {
			isa = PBXResourcesBuildPhase;
			buildActionMask = 2147483647;
			files = (
				F6D0D41327F64B85007E246A /* Preview Assets.xcassets in Resources */,
				F685DC472C01537600EAA19E /* Localizable.strings in Resources */,
				F6D0D41027F64B85007E246A /* Assets.xcassets in Resources */,
			);
			runOnlyForDeploymentPostprocessing = 0;
		};
/* End PBXResourcesBuildPhase section */

/* Begin PBXSourcesBuildPhase section */
		F6D0D40427F64B84007E246A /* Sources */ = {
			isa = PBXSourcesBuildPhase;
			buildActionMask = 2147483647;
			files = (
				F67CA97527F666A4006F9B64 /* AppDelegate.swift in Sources */,
				F6D0D40C27F64B84007E246A /* DishtrackerCoreExampleApp.swift in Sources */,
				F6F1E88227FE0A9200F62194 /* ContentView.swift in Sources */,
				F6F1E89127FE0D1D00F62194 /* Location+Test.swift in Sources */,
				F67CA97627F666A4006F9B64 /* SceneDelegate.swift in Sources */,
			);
			runOnlyForDeploymentPostprocessing = 0;
		};
/* End PBXSourcesBuildPhase section */

/* Begin PBXVariantGroup section */
		F685DC442C01537600EAA19E /* Localizable.strings */ = {
			isa = PBXVariantGroup;
			children = (
				F685DC452C01537600EAA19E /* de */,
				F685DC462C01537600EAA19E /* en */,
			);
			name = Localizable.strings;
			sourceTree = "<group>";
		};
/* End PBXVariantGroup section */

/* Begin XCBuildConfiguration section */
		F6D0D41427F64B85007E246A /* Debug */ = {
			isa = XCBuildConfiguration;
			buildSettings = {
				ALWAYS_SEARCH_USER_PATHS = NO;
				CLANG_ANALYZER_LOCALIZABILITY_NONLOCALIZED = YES;
				CLANG_ANALYZER_NONNULL = YES;
				CLANG_ANALYZER_NUMBER_OBJECT_CONVERSION = YES_AGGRESSIVE;
				CLANG_CXX_LANGUAGE_STANDARD = "gnu++17";
				CLANG_ENABLE_MODULES = YES;
				CLANG_ENABLE_OBJC_ARC = YES;
				CLANG_ENABLE_OBJC_WEAK = YES;
				CLANG_WARN_BLOCK_CAPTURE_AUTORELEASING = YES;
				CLANG_WARN_BOOL_CONVERSION = YES;
				CLANG_WARN_COMMA = YES;
				CLANG_WARN_CONSTANT_CONVERSION = YES;
				CLANG_WARN_DEPRECATED_OBJC_IMPLEMENTATIONS = YES;
				CLANG_WARN_DIRECT_OBJC_ISA_USAGE = YES_ERROR;
				CLANG_WARN_DOCUMENTATION_COMMENTS = YES;
				CLANG_WARN_EMPTY_BODY = YES;
				CLANG_WARN_ENUM_CONVERSION = YES;
				CLANG_WARN_INFINITE_RECURSION = YES;
				CLANG_WARN_INT_CONVERSION = YES;
				CLANG_WARN_NON_LITERAL_NULL_CONVERSION = YES;
				CLANG_WARN_OBJC_IMPLICIT_RETAIN_SELF = YES;
				CLANG_WARN_OBJC_LITERAL_CONVERSION = YES;
				CLANG_WARN_OBJC_ROOT_CLASS = YES_ERROR;
				CLANG_WARN_QUOTED_INCLUDE_IN_FRAMEWORK_HEADER = YES;
				CLANG_WARN_RANGE_LOOP_ANALYSIS = YES;
				CLANG_WARN_STRICT_PROTOTYPES = YES;
				CLANG_WARN_SUSPICIOUS_MOVE = YES;
				CLANG_WARN_UNGUARDED_AVAILABILITY = YES_AGGRESSIVE;
				CLANG_WARN_UNREACHABLE_CODE = YES;
				CLANG_WARN__DUPLICATE_METHOD_MATCH = YES;
				COPY_PHASE_STRIP = NO;
				CURRENT_PROJECT_VERSION = 1001;
				DEBUG_INFORMATION_FORMAT = dwarf;
				ENABLE_STRICT_OBJC_MSGSEND = YES;
				ENABLE_TESTABILITY = YES;
				ENABLE_USER_SCRIPT_SANDBOXING = YES;
				GCC_C_LANGUAGE_STANDARD = gnu11;
				GCC_DYNAMIC_NO_PIC = NO;
				GCC_NO_COMMON_BLOCKS = YES;
				GCC_OPTIMIZATION_LEVEL = 0;
				GCC_PREPROCESSOR_DEFINITIONS = (
					"DEBUG=1",
					"$(inherited)",
				);
				GCC_WARN_64_TO_32_BIT_CONVERSION = YES;
				GCC_WARN_ABOUT_RETURN_TYPE = YES_ERROR;
				GCC_WARN_UNDECLARED_SELECTOR = YES;
				GCC_WARN_UNINITIALIZED_AUTOS = YES_AGGRESSIVE;
				GCC_WARN_UNUSED_FUNCTION = YES;
				GCC_WARN_UNUSED_VARIABLE = YES;
				IPHONEOS_DEPLOYMENT_TARGET = 16.0;
				MARKETING_VERSION = 1.0.1;
				MTL_ENABLE_DEBUG_INFO = INCLUDE_SOURCE;
				MTL_FAST_MATH = YES;
				ONLY_ACTIVE_ARCH = YES;
				SDKROOT = iphoneos;
				SWIFT_ACTIVE_COMPILATION_CONDITIONS = DEBUG;
				SWIFT_OPTIMIZATION_LEVEL = "-Onone";
			};
			name = Debug;
		};
		F6D0D41527F64B85007E246A /* Release */ = {
			isa = XCBuildConfiguration;
			buildSettings = {
				ALWAYS_SEARCH_USER_PATHS = NO;
				CLANG_ANALYZER_LOCALIZABILITY_NONLOCALIZED = YES;
				CLANG_ANALYZER_NONNULL = YES;
				CLANG_ANALYZER_NUMBER_OBJECT_CONVERSION = YES_AGGRESSIVE;
				CLANG_CXX_LANGUAGE_STANDARD = "gnu++17";
				CLANG_ENABLE_MODULES = YES;
				CLANG_ENABLE_OBJC_ARC = YES;
				CLANG_ENABLE_OBJC_WEAK = YES;
				CLANG_WARN_BLOCK_CAPTURE_AUTORELEASING = YES;
				CLANG_WARN_BOOL_CONVERSION = YES;
				CLANG_WARN_COMMA = YES;
				CLANG_WARN_CONSTANT_CONVERSION = YES;
				CLANG_WARN_DEPRECATED_OBJC_IMPLEMENTATIONS = YES;
				CLANG_WARN_DIRECT_OBJC_ISA_USAGE = YES_ERROR;
				CLANG_WARN_DOCUMENTATION_COMMENTS = YES;
				CLANG_WARN_EMPTY_BODY = YES;
				CLANG_WARN_ENUM_CONVERSION = YES;
				CLANG_WARN_INFINITE_RECURSION = YES;
				CLANG_WARN_INT_CONVERSION = YES;
				CLANG_WARN_NON_LITERAL_NULL_CONVERSION = YES;
				CLANG_WARN_OBJC_IMPLICIT_RETAIN_SELF = YES;
				CLANG_WARN_OBJC_LITERAL_CONVERSION = YES;
				CLANG_WARN_OBJC_ROOT_CLASS = YES_ERROR;
				CLANG_WARN_QUOTED_INCLUDE_IN_FRAMEWORK_HEADER = YES;
				CLANG_WARN_RANGE_LOOP_ANALYSIS = YES;
				CLANG_WARN_STRICT_PROTOTYPES = YES;
				CLANG_WARN_SUSPICIOUS_MOVE = YES;
				CLANG_WARN_UNGUARDED_AVAILABILITY = YES_AGGRESSIVE;
				CLANG_WARN_UNREACHABLE_CODE = YES;
				CLANG_WARN__DUPLICATE_METHOD_MATCH = YES;
				COPY_PHASE_STRIP = NO;
				CURRENT_PROJECT_VERSION = 1001;
				DEBUG_INFORMATION_FORMAT = "dwarf-with-dsym";
				ENABLE_NS_ASSERTIONS = NO;
				ENABLE_STRICT_OBJC_MSGSEND = YES;
				ENABLE_USER_SCRIPT_SANDBOXING = YES;
				GCC_C_LANGUAGE_STANDARD = gnu11;
				GCC_NO_COMMON_BLOCKS = YES;
				GCC_WARN_64_TO_32_BIT_CONVERSION = YES;
				GCC_WARN_ABOUT_RETURN_TYPE = YES_ERROR;
				GCC_WARN_UNDECLARED_SELECTOR = YES;
				GCC_WARN_UNINITIALIZED_AUTOS = YES_AGGRESSIVE;
				GCC_WARN_UNUSED_FUNCTION = YES;
				GCC_WARN_UNUSED_VARIABLE = YES;
				IPHONEOS_DEPLOYMENT_TARGET = 16.0;
				MARKETING_VERSION = 1.0.1;
				MTL_ENABLE_DEBUG_INFO = NO;
				MTL_FAST_MATH = YES;
				SDKROOT = iphoneos;
				SWIFT_COMPILATION_MODE = wholemodule;
				SWIFT_OPTIMIZATION_LEVEL = "-O";
				VALIDATE_PRODUCT = YES;
			};
			name = Release;
		};
		F6D0D41727F64B85007E246A /* Debug */ = {
			isa = XCBuildConfiguration;
			buildSettings = {
				ALWAYS_EMBED_SWIFT_STANDARD_LIBRARIES = NO;
				ASSETCATALOG_COMPILER_APPICON_NAME = AppIcon;
				ASSETCATALOG_COMPILER_GLOBAL_ACCENT_COLOR_NAME = AccentColor;
				"CODE_SIGN_IDENTITY[sdk=iphoneos*]" = "iPhone Developer";
				CODE_SIGN_STYLE = Manual;
				DEVELOPMENT_ASSET_PATHS = "\"DishtrackerCoreExample/Preview Content\"";
				DEVELOPMENT_TEAM = "";
				"DEVELOPMENT_TEAM[sdk=iphoneos*]" = A4PTBRY289;
				ENABLE_PREVIEWS = YES;
				GENERATE_INFOPLIST_FILE = YES;
				INFOPLIST_FILE = DishtrackerCoreExample/Info.plist;
				INFOPLIST_KEY_LSApplicationCategoryType = "public.app-category.food-and-drink";
				INFOPLIST_KEY_NSCameraUsageDescription = "App uses camera for user input.";
				INFOPLIST_KEY_UIApplicationSupportsIndirectInputEvents = YES;
				INFOPLIST_KEY_UILaunchScreen_Generation = YES;
				INFOPLIST_KEY_UISupportedInterfaceOrientations = "UIInterfaceOrientationLandscapeLeft UIInterfaceOrientationLandscapeRight UIInterfaceOrientationPortrait UIInterfaceOrientationPortraitUpsideDown";
				INFOPLIST_KEY_UIUserInterfaceStyle = Light;
				LD_RUNPATH_SEARCH_PATHS = (
					"$(inherited)",
					"@executable_path/Frameworks",
				);
				PRODUCT_BUNDLE_IDENTIFIER = at.dishtracker.dishtracker.core.example;
				PRODUCT_NAME = "$(TARGET_NAME)";
				PROVISIONING_PROFILE_SPECIFIER = "";
				"PROVISIONING_PROFILE_SPECIFIER[sdk=iphoneos*]" = "match Development at.dishtracker.dishtracker.core.example";
				SUPPORTED_PLATFORMS = "iphoneos iphonesimulator";
				SUPPORTS_MACCATALYST = NO;
				SUPPORTS_MAC_DESIGNED_FOR_IPHONE_IPAD = NO;
				SUPPORTS_XR_DESIGNED_FOR_IPHONE_IPAD = NO;
				SWIFT_EMIT_LOC_STRINGS = YES;
				SWIFT_VERSION = 5.0;
				TARGETED_DEVICE_FAMILY = "1,2";
			};
			name = Debug;
		};
		F6D0D41827F64B85007E246A /* Release */ = {
			isa = XCBuildConfiguration;
			buildSettings = {
				ALWAYS_EMBED_SWIFT_STANDARD_LIBRARIES = NO;
				ASSETCATALOG_COMPILER_APPICON_NAME = AppIcon;
				ASSETCATALOG_COMPILER_GLOBAL_ACCENT_COLOR_NAME = AccentColor;
				"CODE_SIGN_IDENTITY[sdk=iphoneos*]" = "iPhone Distribution";
				CODE_SIGN_STYLE = Manual;
				DEVELOPMENT_ASSET_PATHS = "\"DishtrackerCoreExample/Preview Content\"";
				DEVELOPMENT_TEAM = "";
				"DEVELOPMENT_TEAM[sdk=iphoneos*]" = A4PTBRY289;
				ENABLE_PREVIEWS = YES;
				GENERATE_INFOPLIST_FILE = YES;
				INFOPLIST_FILE = DishtrackerCoreExample/Info.plist;
				INFOPLIST_KEY_LSApplicationCategoryType = "public.app-category.food-and-drink";
				INFOPLIST_KEY_NSCameraUsageDescription = "App uses camera for user input.";
				INFOPLIST_KEY_UIApplicationSupportsIndirectInputEvents = YES;
				INFOPLIST_KEY_UILaunchScreen_Generation = YES;
				INFOPLIST_KEY_UISupportedInterfaceOrientations = "UIInterfaceOrientationLandscapeLeft UIInterfaceOrientationLandscapeRight UIInterfaceOrientationPortrait UIInterfaceOrientationPortraitUpsideDown";
				INFOPLIST_KEY_UIUserInterfaceStyle = Light;
				LD_RUNPATH_SEARCH_PATHS = (
					"$(inherited)",
					"@executable_path/Frameworks",
				);
				PRODUCT_BUNDLE_IDENTIFIER = at.dishtracker.dishtracker.core.example;
				PRODUCT_NAME = "$(TARGET_NAME)";
				PROVISIONING_PROFILE_SPECIFIER = "";
				"PROVISIONING_PROFILE_SPECIFIER[sdk=iphoneos*]" = "match AdHoc at.dishtracker.dishtracker.core.example";
				SUPPORTED_PLATFORMS = "iphoneos iphonesimulator";
				SUPPORTS_MACCATALYST = NO;
				SUPPORTS_MAC_DESIGNED_FOR_IPHONE_IPAD = NO;
				SUPPORTS_XR_DESIGNED_FOR_IPHONE_IPAD = NO;
				SWIFT_EMIT_LOC_STRINGS = YES;
				SWIFT_VERSION = 5.0;
				TARGETED_DEVICE_FAMILY = "1,2";
			};
			name = Release;
		};
/* End XCBuildConfiguration section */

/* Begin XCConfigurationList section */
		F6D0D40327F64B84007E246A /* Build configuration list for PBXProject "DishtrackerCoreExample" */ = {
			isa = XCConfigurationList;
			buildConfigurations = (
				F6D0D41427F64B85007E246A /* Debug */,
				F6D0D41527F64B85007E246A /* Release */,
			);
			defaultConfigurationIsVisible = 0;
			defaultConfigurationName = Release;
		};
		F6D0D41627F64B85007E246A /* Build configuration list for PBXNativeTarget "DishtrackerCoreExample" */ = {
			isa = XCConfigurationList;
			buildConfigurations = (
				F6D0D41727F64B85007E246A /* Debug */,
				F6D0D41827F64B85007E246A /* Release */,
			);
			defaultConfigurationIsVisible = 0;
			defaultConfigurationName = Release;
		};
/* End XCConfigurationList section */

/* Begin XCLocalSwiftPackageReference section */
		F660ABD42C014F4400698771 /* XCLocalSwiftPackageReference "../ZeroQDishtrackerSDKiOS" */ = {
			isa = XCLocalSwiftPackageReference;
			relativePath = ../ZeroQDishtrackerSDKiOS;
		};
/* End XCLocalSwiftPackageReference section */

/* Begin XCSwiftPackageProductDependency section */
		F685DC402C01512800EAA19E /* DishtrackerCore */ = {
			isa = XCSwiftPackageProductDependency;
			package = F660ABD42C014F4400698771 /* XCLocalSwiftPackageReference "../ZeroQDishtrackerSDKiOS" */;
			productName = DishtrackerCore;
		};
/* End XCSwiftPackageProductDependency section */
	};
	rootObject = F6D0D40027F64B84007E246A /* Project object */;
}
